
Microsoft Visual Studio Solution File, Format Version 12.00
# Visual Studio Version 17
VisualStudioVersion = 17.12.35514.174 d17.12
MinimumVisualStudioVersion = 10.0.40219.1
Project("{FAE04EC0-301F-11D3-BF4B-00C04F79EFBC}") = "BankTemplate", "BankTemplate\BankTemplate.csproj", "{35E5C4DD-53D7-44BE-BB71-E112BFC47867}"
EndProject
Project("{FAE04EC0-301F-11D3-BF4B-00C04F79EFBC}") = "DataAccessLayer", "DataAccessLayer\DataAccessLayer.csproj", "{FAF939DB-028B-4CB5-9360-097483FF65F6}"
EndProject
Project("{FAE04EC0-301F-11D3-BF4B-00C04F79EFBC}") = "Services", "Services\Services.csproj", "{F397CBD5-73D4-4E78-B1DA-614D2DC428EE}"
EndProject
Global
	GlobalSection(SolutionConfigurationPlatforms) = preSolution
		Debug|Any CPU = Debug|Any CPU
		Release|Any CPU = Release|Any CPU
	EndGlobalSection
	GlobalSection(ProjectConfigurationPlatforms) = postSolution
		{35E5C4DD-53D7-44BE-BB71-E112BFC47867}.Debug|Any CPU.ActiveCfg = Debug|Any CPU
		{35E5C4DD-53D7-44BE-BB71-E112BFC47867}.Debug|Any CPU.Build.0 = Debug|Any CPU
		{35E5C4DD-53D7-44BE-BB71-E112BFC47867}.Release|Any CPU.ActiveCfg = Release|Any CPU
		{35E5C4DD-53D7-44BE-BB71-E112BFC47867}.Release|Any CPU.Build.0 = Release|Any CPU
		{FAF939DB-028B-4CB5-9360-097483FF65F6}.Debug|Any CPU.ActiveCfg = Debug|Any CPU
		{FAF939DB-028B-4CB5-9360-097483FF65F6}.Debug|Any CPU.Build.0 = Debug|Any CPU
		{FAF939DB-028B-4CB5-9360-097483FF65F6}.Release|Any CPU.ActiveCfg = Release|Any CPU
		{FAF939DB-028B-4CB5-9360-097483FF65F6}.Release|Any CPU.Build.0 = Release|Any CPU
		{F397CBD5-73D4-4E78-B1DA-614D2DC428EE}.Debug|Any CPU.ActiveCfg = Debug|Any CPU
		{F397CBD5-73D4-4E78-B1DA-614D2DC428EE}.Debug|Any CPU.Build.0 = Debug|Any CPU
		{F397CBD5-73D4-4E78-B1DA-614D2DC428EE}.Release|Any CPU.ActiveCfg = Release|Any CPU
		{F397CBD5-73D4-4E78-B1DA-614D2DC428EE}.Release|Any CPU.Build.0 = Release|Any CPU
	EndGlobalSection
	GlobalSection(SolutionProperties) = preSolution
		HideSolutionNode = FALSE
	EndGlobalSection
EndGlobal
